
Microsoft Visual Studio Solution File, Format Version 12.00
# Visual Studio Version 17
VisualStudioVersion = 17.0.31912.275
MinimumVisualStudioVersion = 10.0.40219.1
Project("{9A19103F-16F7-4668-BE54-9A1E7A4F7556}") = "SF.U4", "SF.U4\SF.U4.csproj", "{FE34190C-34E0-49E9-AAFD-0155B19E792E}"
EndProject
Project("{9A19103F-16F7-4668-BE54-9A1E7A4F7556}") = "SF.U5", "SF.U5\SF.U5.csproj", "{33CE9B0C-505E-4F42-85D7-C40189618EBE}"
EndProject
Project("{9A19103F-16F7-4668-BE54-9A1E7A4F7556}") = "SF.U5-5.5.3", "SF.U5-5.5.3\SF.U5-5.5.3.csproj", "{C2E61C08-7F27-40DD-A53C-2340287E25A1}"
EndProject
Project("{9A19103F-16F7-4668-BE54-9A1E7A4F7556}") = "SF.U5.6", "SF.U5.6\SF.U5.6.csproj", "{E144AB92-4DB5-4102-936C-919F2C97025B}"
EndProject
Project("{9A19103F-16F7-4668-BE54-9A1E7A4F7556}") = "SF.U6", "SF.U6\SF.U6.csproj", "{70F70D0D-8916-431C-9A99-980AAA7B380F}"
EndProject
Project("{FAE04EC0-301F-11D3-BF4B-00C04F79EFBC}") = "SF.U7", "SF.U7\SF.U7.csproj", "{4B718D6F-4BE7-4835-BD15-8D3A9A456074}"
EndProject
Global
	GlobalSection(SolutionConfigurationPlatforms) = preSolution
		Debug|Any CPU = Debug|Any CPU
		Release|Any CPU = Release|Any CPU
	EndGlobalSection
	GlobalSection(ProjectConfigurationPlatforms) = postSolution
		{FE34190C-34E0-49E9-AAFD-0155B19E792E}.Debug|Any CPU.ActiveCfg = Debug|Any CPU
		{FE34190C-34E0-49E9-AAFD-0155B19E792E}.Debug|Any CPU.Build.0 = Debug|Any CPU
		{FE34190C-34E0-49E9-AAFD-0155B19E792E}.Release|Any CPU.ActiveCfg = Release|Any CPU
		{FE34190C-34E0-49E9-AAFD-0155B19E792E}.Release|Any CPU.Build.0 = Release|Any CPU
		{33CE9B0C-505E-4F42-85D7-C40189618EBE}.Debug|Any CPU.ActiveCfg = Debug|Any CPU
		{33CE9B0C-505E-4F42-85D7-C40189618EBE}.Debug|Any CPU.Build.0 = Debug|Any CPU
		{33CE9B0C-505E-4F42-85D7-C40189618EBE}.Release|Any CPU.ActiveCfg = Release|Any CPU
		{33CE9B0C-505E-4F42-85D7-C40189618EBE}.Release|Any CPU.Build.0 = Release|Any CPU
		{C2E61C08-7F27-40DD-A53C-2340287E25A1}.Debug|Any CPU.ActiveCfg = Debug|Any CPU
		{C2E61C08-7F27-40DD-A53C-2340287E25A1}.Debug|Any CPU.Build.0 = Debug|Any CPU
		{C2E61C08-7F27-40DD-A53C-2340287E25A1}.Release|Any CPU.ActiveCfg = Release|Any CPU
		{C2E61C08-7F27-40DD-A53C-2340287E25A1}.Release|Any CPU.Build.0 = Release|Any CPU
		{E144AB92-4DB5-4102-936C-919F2C97025B}.Debug|Any CPU.ActiveCfg = Debug|Any CPU
		{E144AB92-4DB5-4102-936C-919F2C97025B}.Debug|Any CPU.Build.0 = Debug|Any CPU
		{E144AB92-4DB5-4102-936C-919F2C97025B}.Release|Any CPU.ActiveCfg = Release|Any CPU
		{E144AB92-4DB5-4102-936C-919F2C97025B}.Release|Any CPU.Build.0 = Release|Any CPU
		{70F70D0D-8916-431C-9A99-980AAA7B380F}.Debug|Any CPU.ActiveCfg = Debug|Any CPU
		{70F70D0D-8916-431C-9A99-980AAA7B380F}.Debug|Any CPU.Build.0 = Debug|Any CPU
		{70F70D0D-8916-431C-9A99-980AAA7B380F}.Release|Any CPU.ActiveCfg = Release|Any CPU
		{70F70D0D-8916-431C-9A99-980AAA7B380F}.Release|Any CPU.Build.0 = Release|Any CPU
		{4B718D6F-4BE7-4835-BD15-8D3A9A456074}.Debug|Any CPU.ActiveCfg = Debug|Any CPU
		{4B718D6F-4BE7-4835-BD15-8D3A9A456074}.Debug|Any CPU.Build.0 = Debug|Any CPU
		{4B718D6F-4BE7-4835-BD15-8D3A9A456074}.Release|Any CPU.ActiveCfg = Release|Any CPU
		{4B718D6F-4BE7-4835-BD15-8D3A9A456074}.Release|Any CPU.Build.0 = Release|Any CPU
	EndGlobalSection
	GlobalSection(SolutionProperties) = preSolution
		HideSolutionNode = FALSE
	EndGlobalSection
	GlobalSection(ExtensibilityGlobals) = postSolution
		SolutionGuid = {AB459DEC-92EF-438F-A6CC-BE566BFD2F24}
	EndGlobalSection
EndGlobal
